{
  "name": "krishnamurthi",
  "version": "1.0.0",
  "lockfileVersion": 3,
  "requires": true,
  "packages": {
    "": {
      "name": "krishnamurthi",
      "version": "1.0.0",
      "license": "ISC",
      "dependencies": {
        "@jothisha-apps/jothisha-lib": "^1.0.5-beta.0"
      }
    },
    "node_modules/@jothisha-apps/jothisha-lib": {
      "version": "1.0.5-beta.0",
      "resolved": "https://registry.npmjs.org/@jothisha-apps/jothisha-lib/-/jothisha-lib-1.0.5-beta.0.tgz",
      "integrity": "sha512-cExYK0R+MAnrSQ9rQrVYOzB3KRdeZChjQYiSdhEXBklxRQ6Dk91qwCoPqas+sL4MryG3WzdwHTA/M52CtltW3g==",
      "dependencies": {
        "astronomy-engine": "^2.1.19"
      }
    },
    "node_modules/astronomy-engine": {
      "version": "2.1.19",
      "resolved": "https://registry.npmjs.org/astronomy-engine/-/astronomy-engine-2.1.19.tgz",
      "integrity": "sha512-8yWKNf7UeNbH458h3sAJ6ZgAjE5jTXp/mNNRFoC20j2SHwZIjAQeEsBB2Q3uCFRaTCCJRv33K2XhkhZQMXoX6w=="
    }
  }
}
